version = 1
requires-python = ">=3.13"

[[package]]
name = "boto3"
version = "1.37.10"
source = { registry = "https://pypi.org/simple" }
dependencies = [
    { name = "botocore" },
    { name = "jmespath" },
    { name = "s3transfer" },
]
sdist = { url = "https://files.pythonhosted.org/packages/08/65/9bb28b0297a1cefd912fb6974a4231d581fb3188707526e7601c3ccdf6dd/boto3-1.37.10.tar.gz", hash = "sha256:0c6eb8191b1ea4c7a139e56425399405d46e86c7e814ef497176b9af1f7ca056", size = 111331 }
wheels = [
    { url = "https://files.pythonhosted.org/packages/f7/ed/013209af8268b0d8544bdac128aca9970295bd5b95d89f9204c4d3d0fe7b/boto3-1.37.10-py3-none-any.whl", hash = "sha256:fc649fb4c9521f60660fd562d6bf2034753832968b0c93ec60ad30634afb1b0f", size = 139551 },
]

[[package]]
name = "botocore"
version = "1.37.10"
source = { registry = "https://pypi.org/simple" }
dependencies = [
    { name = "jmespath" },
    { name = "python-dateutil" },
    { name = "urllib3" },
]
sdist = { url = "https://files.pythonhosted.org/packages/6d/16/c782d8bb598da5e123cf6208bbe6527b5c391c81ae73f9fa7371a6f1820f/botocore-1.37.10.tar.gz", hash = "sha256:ab311982a9872eeb4e71906d3e3fcd2ba331a869d0fed16836ade7ce2e58bcea", size = 13636458 }
wheels = [
    { url = "https://files.pythonhosted.org/packages/56/82/86d1108838084cc591add7bf09762bdb0bbeeaf7f23e1a1b582b6f657978/botocore-1.37.10-py3-none-any.whl", hash = "sha256:7515c8dfaaf5ba02604db9cf73c172615afee976136f31d8aec628629f24029f", size = 13406391 },
]

[[package]]
name = "jmespath"
version = "1.0.1"
source = { registry = "https://pypi.org/simple" }
sdist = { url = "https://files.pythonhosted.org/packages/00/2a/e867e8531cf3e36b41201936b7fa7ba7b5702dbef42922193f05c8976cd6/jmespath-1.0.1.tar.gz", hash = "sha256:90261b206d6defd58fdd5e85f478bf633a2901798906be2ad389150c5c60edbe", size = 25843 }
wheels = [
    { url = "https://files.pythonhosted.org/packages/31/b4/b9b800c45527aadd64d5b442f9b932b00648617eb5d63d2c7a6587b7cafc/jmespath-1.0.1-py3-none-any.whl", hash = "sha256:02e2e4cc71b5bcab88332eebf907519190dd9e6e82107fa7f83b1003a6252980", size = 20256 },
]

[[package]]
name = "markdown"
version = "3.7"
source = { registry = "https://pypi.org/simple" }
sdist = { url = "https://files.pythonhosted.org/packages/54/28/3af612670f82f4c056911fbbbb42760255801b3068c48de792d354ff4472/markdown-3.7.tar.gz", hash = "sha256:2ae2471477cfd02dbbf038d5d9bc226d40def84b4fe2986e49b59b6b472bbed2", size = 357086 }
wheels = [
    { url = "https://files.pythonhosted.org/packages/3f/08/83871f3c50fc983b88547c196d11cf8c3340e37c32d2e9d6152abe2c61f7/Markdown-3.7-py3-none-any.whl", hash = "sha256:7eb6df5690b81a1d7942992c97fad2938e956e79df20cbc6186e9c3a77b1c803", size = 106349 },
]

[[package]]
name = "not-an-ssg"
version = "0.1.0"
source = { virtual = "." }
dependencies = [
    { name = "boto3" },
    { name = "markdown" },
]

[package.metadata]
requires-dist = [
    { name = "boto3", specifier = ">=1.37.10" },
    { name = "markdown", specifier = ">=3.7" },
]

[[package]]
name = "python-dateutil"
version = "2.9.0.post0"
source = { registry = "https://pypi.org/simple" }
dependencies = [
    { name = "six" },
]
sdist = { url = "https://files.pythonhosted.org/packages/66/c0/0c8b6ad9f17a802ee498c46e004a0eb49bc148f2fd230864601a86dcf6db/python-dateutil-2.9.0.post0.tar.gz", hash = "sha256:37dd54208da7e1cd875388217d5e00ebd4179249f90fb72437e91a35459a0ad3", size = 342432 }
wheels = [
    { url = "https://files.pythonhosted.org/packages/ec/57/56b9bcc3c9c6a792fcbaf139543cee77261f3651ca9da0c93f5c1221264b/python_dateutil-2.9.0.post0-py2.py3-none-any.whl", hash = "sha256:a8b2bc7bffae282281c8140a97d3aa9c14da0b136dfe83f850eea9a5f7470427", size = 229892 },
]

[[package]]
name = "s3transfer"
version = "0.11.4"
source = { registry = "https://pypi.org/simple" }
dependencies = [
    { name = "botocore" },
]
sdist = { url = "https://files.pythonhosted.org/packages/0f/ec/aa1a215e5c126fe5decbee2e107468f51d9ce190b9763cb649f76bb45938/s3transfer-0.11.4.tar.gz", hash = "sha256:559f161658e1cf0a911f45940552c696735f5c74e64362e515f333ebed87d679", size = 148419 }
wheels = [
    { url = "https://files.pythonhosted.org/packages/86/62/8d3fc3ec6640161a5649b2cddbbf2b9fa39c92541225b33f117c37c5a2eb/s3transfer-0.11.4-py3-none-any.whl", hash = "sha256:ac265fa68318763a03bf2dc4f39d5cbd6a9e178d81cc9483ad27da33637e320d", size = 84412 },
]

[[package]]
name = "six"
version = "1.17.0"
source = { registry = "https://pypi.org/simple" }
sdist = { url = "https://files.pythonhosted.org/packages/94/e7/b2c673351809dca68a0e064b6af791aa332cf192da575fd474ed7d6f16a2/six-1.17.0.tar.gz", hash = "sha256:ff70335d468e7eb6ec65b95b99d3a2836546063f63acc5171de367e834932a81", size = 34031 }
wheels = [
    { url = "https://files.pythonhosted.org/packages/b7/ce/149a00dd41f10bc29e5921b496af8b574d8413afcd5e30dfa0ed46c2cc5e/six-1.17.0-py2.py3-none-any.whl", hash = "sha256:4721f391ed90541fddacab5acf947aa0d3dc7d27b2e1e8eda2be8970586c3274", size = 11050 },
]

[[package]]
name = "urllib3"
version = "2.3.0"
source = { registry = "https://pypi.org/simple" }
sdist = { url = "https://files.pythonhosted.org/packages/aa/63/e53da845320b757bf29ef6a9062f5c669fe997973f966045cb019c3f4b66/urllib3-2.3.0.tar.gz", hash = "sha256:f8c5449b3cf0861679ce7e0503c7b44b5ec981bec0d1d3795a07f1ba96f0204d", size = 307268 }
wheels = [
    { url = "https://files.pythonhosted.org/packages/c8/19/4ec628951a74043532ca2cf5d97b7b14863931476d117c471e8e2b1eb39f/urllib3-2.3.0-py3-none-any.whl", hash = "sha256:1cee9ad369867bfdbbb48b7dd50374c0967a0bb7710050facf0dd6911440e3df", size = 128369 },
]
